
Microsoft Visual Studio Solution File, Format Version 12.00
# Visual Studio Version 17
VisualStudioVersion = 17.0.31903.59
MinimumVisualStudioVersion = 10.0.40219.1
Project("{FAE04EC0-301F-11D3-BF4B-00C04F79EFBC}") = "RestApi", "RestApi\RestApi.csproj", "{805864A2-47E5-44E3-BB50-B8AEC5046B0B}"
EndProject
Project("{FAE04EC0-301F-11D3-BF4B-00C04F79EFBC}") = "GrpcApi", "GrpcApi\GrpcApi.csproj", "{196DAF92-BD69-4FAC-BF7F-63AD629783F2}"
EndProject
Project("{FAE04EC0-301F-11D3-BF4B-00C04F79EFBC}") = "PerformanceTests", "PerformanceTests\PerformanceTests.csproj", "{8CA1DFEA-0712-4C51-A763-73864EB71A56}"
EndProject
Global
	GlobalSection(SolutionConfigurationPlatforms) = preSolution
		Debug|Any CPU = Debug|Any CPU
		Release|Any CPU = Release|Any CPU
	EndGlobalSection
	GlobalSection(SolutionProperties) = preSolution
		HideSolutionNode = FALSE
	EndGlobalSection
	GlobalSection(ProjectConfigurationPlatforms) = postSolution
		{805864A2-47E5-44E3-BB50-B8AEC5046B0B}.Debug|Any CPU.ActiveCfg = Debug|Any CPU
		{805864A2-47E5-44E3-BB50-B8AEC5046B0B}.Debug|Any CPU.Build.0 = Debug|Any CPU
		{805864A2-47E5-44E3-BB50-B8AEC5046B0B}.Release|Any CPU.ActiveCfg = Release|Any CPU
		{805864A2-47E5-44E3-BB50-B8AEC5046B0B}.Release|Any CPU.Build.0 = Release|Any CPU
		{196DAF92-BD69-4FAC-BF7F-63AD629783F2}.Debug|Any CPU.ActiveCfg = Debug|Any CPU
		{196DAF92-BD69-4FAC-BF7F-63AD629783F2}.Debug|Any CPU.Build.0 = Debug|Any CPU
		{196DAF92-BD69-4FAC-BF7F-63AD629783F2}.Release|Any CPU.ActiveCfg = Release|Any CPU
		{196DAF92-BD69-4FAC-BF7F-63AD629783F2}.Release|Any CPU.Build.0 = Release|Any CPU
		{8CA1DFEA-0712-4C51-A763-73864EB71A56}.Debug|Any CPU.ActiveCfg = Debug|Any CPU
		{8CA1DFEA-0712-4C51-A763-73864EB71A56}.Debug|Any CPU.Build.0 = Debug|Any CPU
		{8CA1DFEA-0712-4C51-A763-73864EB71A56}.Release|Any CPU.ActiveCfg = Release|Any CPU
		{8CA1DFEA-0712-4C51-A763-73864EB71A56}.Release|Any CPU.Build.0 = Release|Any CPU
	EndGlobalSection
EndGlobal
